
Microsoft Visual Studio Solution File, Format Version 12.00
# Visual Studio Version 17
VisualStudioVersion = 17.9.34714.143
MinimumVisualStudioVersion = 10.0.40219.1
Project("{FAE04EC0-301F-11D3-BF4B-00C04F79EFBC}") = "Practical_02", "Practical_02\Practical_02.csproj", "{340FDCCC-783D-4412-B602-ED8CD2F8C5EE}"
EndProject
Project("{FAE04EC0-301F-11D3-BF4B-00C04F79EFBC}") = "Example", "Example\Example.csproj", "{3829F305-FA3E-4B8F-8BC7-FB407AE79E6E}"
EndProject
Global
	GlobalSection(SolutionConfigurationPlatforms) = preSolution
		Debug|Any CPU = Debug|Any CPU
		Release|Any CPU = Release|Any CPU
	EndGlobalSection
	GlobalSection(ProjectConfigurationPlatforms) = postSolution
		{340FDCCC-783D-4412-B602-ED8CD2F8C5EE}.Debug|Any CPU.ActiveCfg = Debug|Any CPU
		{340FDCCC-783D-4412-B602-ED8CD2F8C5EE}.Debug|Any CPU.Build.0 = Debug|Any CPU
		{340FDCCC-783D-4412-B602-ED8CD2F8C5EE}.Release|Any CPU.ActiveCfg = Release|Any CPU
		{340FDCCC-783D-4412-B602-ED8CD2F8C5EE}.Release|Any CPU.Build.0 = Release|Any CPU
		{3829F305-FA3E-4B8F-8BC7-FB407AE79E6E}.Debug|Any CPU.ActiveCfg = Debug|Any CPU
		{3829F305-FA3E-4B8F-8BC7-FB407AE79E6E}.Debug|Any CPU.Build.0 = Debug|Any CPU
		{3829F305-FA3E-4B8F-8BC7-FB407AE79E6E}.Release|Any CPU.ActiveCfg = Release|Any CPU
		{3829F305-FA3E-4B8F-8BC7-FB407AE79E6E}.Release|Any CPU.Build.0 = Release|Any CPU
	EndGlobalSection
	GlobalSection(SolutionProperties) = preSolution
		HideSolutionNode = FALSE
	EndGlobalSection
	GlobalSection(ExtensibilityGlobals) = postSolution
		SolutionGuid = {28EA32F7-B6FC-4813-A3E1-9BA0946E22F4}
	EndGlobalSection
EndGlobal
